# THIS IS AN AUTOGENERATED FILE. DO NOT EDIT THIS FILE DIRECTLY.
# yarn lockfile v1


"@react-native-google-signin/google-signin@^11.0.1":
  version "11.0.1"
  resolved "https://registry.yarnpkg.com/@react-native-google-signin/google-signin/-/google-signin-11.0.1.tgz#1bff0c8f65d3b32eac1622f68293e94137b96360"
  integrity sha512-ZRSEd1ME31XZ+azS3Qe6TRb8NRicGmtRdD1vT4Tz2birnlTfNfRgy4qLrEKNZyMUTodA6+J2UvA2JWwT8ZQ/dw==
